# This file is autogenerated, do not edit; changes may be undone by the next 'dep ensure'.


[[projects]]
  branch = "master"
  digest = "1:983b4e4444ed278c66ea23c4869f3638488b646e66b1d12b2dcb16cf36d651d7"
  name = "github.com/Sirupsen/logrus"
  packages = ["."]
  pruneopts = ""
  revision = "44067abb194b1bc8b342e1f2120f8d3ea691b834"

[[projects]]
  branch = "master"
  digest = "1:7591bf6279c9ce26882088580595d7251d94052ee6781b12261d9a3fa058c94e"
  name = "github.com/bitrise-io/envman"
  packages = ["models"]
  pruneopts = ""
  revision = "8c709c298a04b8832403de3f47c269cbb09bfccc"

[[projects]]
  branch = "master"
  digest = "1:5306f1051f67906b51a08c34bfb52fafd0f0634b275dc5b92aa368a3aeb573a7"
  name = "github.com/bitrise-io/go-utils"
  packages = [
    "colorstring",
    "command",
    "command/git",
    "errorutil",
    "fileutil",
    "log",
    "parseutil",
    "pathutil",
    "pointers",
    "progress",
    "retry",
    "stringutil",
    "versions",
  ]
  pruneopts = ""
  revision = "d1de0dbcb811588e61362aff67bb700b93c13c17"

[[projects]]
  branch = "master"
  digest = "1:6825c56bedbe125a302e7516f731fa841ce9db05f873dbc5745ee807a8c3d3a2"
  name = "github.com/bitrise-io/goinp"
  packages = ["goinp"]
  pruneopts = ""
  revision = "f451b19ba4d087d8272d411ad91af5f4218fd517"

[[projects]]
  branch = "master"
  digest = "1:fa8d65e66cf61794b7a4ca01a8d5ccf3943454c98986cfa186fa11e8d0ecf70e"
  name = "github.com/bitrise-io/stepman"
  packages = ["models"]
  pruneopts = ""
  revision = "f1989b195448c899d05620b26cff0b0aa055132b"

[[projects]]
  branch = "master"
  digest = "1:f3571d1392019a5ca17e0632f5374531f8b38994eeea456b85bfd5ccb86e081d"
  name = "github.com/bitrise-tools/gows"
  packages = ["gows"]
  pruneopts = ""
  revision = "005d8a8baa6e3c6c76527554bb292061ef7d3af0"

[[projects]]
  digest = "1:0deddd908b6b4b768cfc272c16ee61e7088a60f7fe2f06c547bd3d8e1f8b8e77"
  name = "github.com/davecgh/go-spew"
  packages = ["spew"]
  pruneopts = ""
  revision = "8991bc29aa16c548c550c7ff78260e27b9ab7c73"
  version = "v1.1.1"

[[projects]]
  branch = "master"
  digest = "1:8c7fb7f81c06add10a17362abc1ae569ff9765a26c061c6b6e67c909f4f414db"
  name = "github.com/hashicorp/go-version"
  packages = ["."]
  pruneopts = ""
  revision = "b5a281d3160aa11950a6182bd9a9dc2cb1e02d50"

[[projects]]
  digest = "1:6a874e3ddfb9db2b42bd8c85b6875407c702fa868eed20634ff489bc896ccfd3"
  name = "github.com/konsorten/go-windows-terminal-sequences"
  packages = ["."]
  pruneopts = ""
  revision = "5c8c8bd35d3832f5d134ae1e1e375b69a4d25242"
  version = "v1.0.1"

[[projects]]
  digest = "1:256484dbbcd271f9ecebc6795b2df8cad4c458dd0f5fd82a8c2fa0c29f233411"
  name = "github.com/pmezard/go-difflib"
  packages = ["difflib"]
  pruneopts = ""
  revision = "792786c7400a136282c1664665ae0a8db921c6c2"
  version = "v1.0.0"

[[projects]]
  branch = "master"
  digest = "1:98891c206223fa262569ea196faad59d2c169de675e74796030524eea327ed7d"
  name = "github.com/ryanuber/go-glob"
  packages = ["."]
  pruneopts = ""
  revision = "256dc444b735e061061cf46c809487313d5b0065"

[[projects]]
  branch = "master"
  digest = "1:2a0cd5a83b9a064d9464bc1825aaff600bb9e5eb1aaba3155d62f345f81d0192"
  name = "github.com/stretchr/testify"
  packages = [
    "assert",
    "require",
  ]
  pruneopts = ""
  revision = "04af85275a5c7ac09d16bb3b9b2e751ed45154e5"

[[projects]]
  branch = "master"
  digest = "1:438d5957cf1c26ca62975dc4b1b59242acc9e527f39ed3f6cda57ee6d3653daf"
  name = "github.com/urfave/cli"
  packages = ["."]
  pruneopts = ""
  revision = "b67dcf995b6a7b7f14fad5fcb7cc5441b05e814b"

[[projects]]
  branch = "master"
  digest = "1:a242f23ceb22423c0a2111d9488a2ab19a2e817111a4f3e2385f5f89a53e619f"
  name = "golang.org/x/crypto"
  packages = ["ssh/terminal"]
  pruneopts = ""
  revision = "e4dc69e5b2fd71dcaf8bd5d054eb936deb78d1fa"

[[projects]]
  branch = "master"
  digest = "1:3f5c191d90f1cf365ff1f88e4b08eb766ee6ade1cb2e4efd7c316cf7e015ac17"
  name = "golang.org/x/sys"
  packages = [
    "unix",
    "windows",
  ]
  pruneopts = ""
  revision = "66b7b1311ac80bbafcd2daeef9a5e6e2cd1e2399"

[[projects]]
  branch = "v2"
  digest = "1:f0620375dd1f6251d9973b5f2596228cc8042e887cd7f827e4220bc1ce8c30e2"
  name = "gopkg.in/yaml.v2"
  packages = ["."]
  pruneopts = ""
  revision = "5420a8b6744d3b0345ab293f6fcba19c978f1183"

[solve-meta]
  analyzer-name = "dep"
  analyzer-version = 1
  input-imports = [
    "github.com/Sirupsen/logrus",
    "github.com/bitrise-io/envman/models",
    "github.com/bitrise-io/go-utils/colorstring",
    "github.com/bitrise-io/go-utils/command",
    "github.com/bitrise-io/go-utils/command/git",
    "github.com/bitrise-io/go-utils/errorutil",
    "github.com/bitrise-io/go-utils/fileutil",
    "github.com/bitrise-io/go-utils/log",
    "github.com/bitrise-io/go-utils/pathutil",
    "github.com/bitrise-io/go-utils/pointers",
    "github.com/bitrise-io/go-utils/progress",
    "github.com/bitrise-io/go-utils/retry",
    "github.com/bitrise-io/go-utils/stringutil",
    "github.com/bitrise-io/go-utils/versions",
    "github.com/bitrise-io/goinp/goinp",
    "github.com/bitrise-io/stepman/models",
    "github.com/bitrise-tools/gows/gows",
    "github.com/hashicorp/go-version",
    "github.com/ryanuber/go-glob",
    "github.com/stretchr/testify/require",
    "github.com/urfave/cli",
    "golang.org/x/sys/unix",
    "gopkg.in/yaml.v2",
  ]
  solver-name = "gps-cdcl"
  solver-version = 1
