# This file is autogenerated, do not edit; changes may be undone by the next 'dep ensure'.


[[projects]]
  branch = "master"
  digest = "1:d01d12385e282d582f1ca17c79d1572901a32dc240bc2cc5ed88626cf6cd669a"
  name = "github.com/Sirupsen/logrus"
  packages = ["."]
  pruneopts = ""
  revision = "c108f5553c369120b773da633aca62a8b42b1cf4"

[[projects]]
  branch = "master"
  digest = "1:614b715511207a892c7e4f62e1a84ac19d776a90c145b3b42e9c457def85e8ad"
  name = "github.com/bitrise-io/envman"
  packages = ["models"]
  pruneopts = ""
  revision = "7d5180ae4046f109e3dfd73c15082170ae7153d3"

[[projects]]
  branch = "master"
  digest = "1:5306f1051f67906b51a08c34bfb52fafd0f0634b275dc5b92aa368a3aeb573a7"
  name = "github.com/bitrise-io/go-utils"
  packages = [
    "colorstring",
    "command",
    "command/git",
    "errorutil",
    "fileutil",
    "log",
    "parseutil",
    "pathutil",
    "pointers",
    "progress",
    "retry",
    "stringutil",
    "versions",
  ]
  pruneopts = ""
  revision = "d1de0dbcb811588e61362aff67bb700b93c13c17"

[[projects]]
  branch = "master"
  digest = "1:6825c56bedbe125a302e7516f731fa841ce9db05f873dbc5745ee807a8c3d3a2"
  name = "github.com/bitrise-io/goinp"
  packages = ["goinp"]
  pruneopts = ""
  revision = "f451b19ba4d087d8272d411ad91af5f4218fd517"

[[projects]]
  branch = "master"
  digest = "1:5f636199b51467fe12d704be0a84b673f5e78e4045aad46e239c31aa1c460ac0"
  name = "github.com/bitrise-io/stepman"
  packages = ["models"]
  pruneopts = ""
  revision = "60db1821f76766e849f8c6eb18b7f90202f15407"

[[projects]]
  branch = "master"
  digest = "1:f3571d1392019a5ca17e0632f5374531f8b38994eeea456b85bfd5ccb86e081d"
  name = "github.com/bitrise-tools/gows"
  packages = ["gows"]
  pruneopts = ""
  revision = "005d8a8baa6e3c6c76527554bb292061ef7d3af0"

[[projects]]
  digest = "1:56c130d885a4aacae1dd9c7b71cfe39912c7ebc1ff7d2b46083c8812996dc43b"
  name = "github.com/davecgh/go-spew"
  packages = ["spew"]
  pruneopts = ""
  revision = "346938d642f2ec3594ed81d874461961cd0faa76"
  version = "v1.1.0"

[[projects]]
  branch = "master"
  digest = "1:139bdc2c89779b8ff8b1150be28f889b0ed964e6da96f32cbc9035bd4642881c"
  name = "github.com/hashicorp/go-version"
  packages = ["."]
  pruneopts = ""
  revision = "270f2f71b1ee587f3b609f00f422b76a6b28f348"

[[projects]]
  digest = "1:256484dbbcd271f9ecebc6795b2df8cad4c458dd0f5fd82a8c2fa0c29f233411"
  name = "github.com/pmezard/go-difflib"
  packages = ["difflib"]
  pruneopts = ""
  revision = "792786c7400a136282c1664665ae0a8db921c6c2"
  version = "v1.0.0"

[[projects]]
  branch = "master"
  digest = "1:98891c206223fa262569ea196faad59d2c169de675e74796030524eea327ed7d"
  name = "github.com/ryanuber/go-glob"
  packages = ["."]
  pruneopts = ""
  revision = "256dc444b735e061061cf46c809487313d5b0065"

[[projects]]
  branch = "master"
  digest = "1:c587772fb8ad29ad4db67575dad25ba17a51f072ff18a22b4f0257a4d9c24f75"
  name = "github.com/stretchr/testify"
  packages = [
    "assert",
    "require",
  ]
  pruneopts = ""
  revision = "f35b8ab0b5a2cef36673838d662e249dd9c94686"

[[projects]]
  branch = "master"
  digest = "1:2c3cdaaa7ac9f06021636d163884979d008b3c5148203923c3448a0c974d608c"
  name = "github.com/urfave/cli"
  packages = ["."]
  pruneopts = ""
  revision = "8e01ec4cd3e2d84ab2fe90d8210528ffbb06d8ff"

[[projects]]
  branch = "master"
  digest = "1:cae234a803b78380e4d769db6036b9fcc8c08ed4ff862571ffc1a958edc1f629"
  name = "golang.org/x/crypto"
  packages = ["ssh/terminal"]
  pruneopts = ""
  revision = "c126467f60eb25f8f27e5a981f32a87e3965053f"

[[projects]]
  branch = "master"
  digest = "1:0e1506f3caef942bf9d08a91ebbe8bd87d263e7e440f8e0427b2f85b44eac3f7"
  name = "golang.org/x/sys"
  packages = [
    "unix",
    "windows",
  ]
  pruneopts = ""
  revision = "e072cadbbdc8dd3d3ffa82b8b4b9304c261d9311"

[[projects]]
  branch = "v2"
  digest = "1:f0620375dd1f6251d9973b5f2596228cc8042e887cd7f827e4220bc1ce8c30e2"
  name = "gopkg.in/yaml.v2"
  packages = ["."]
  pruneopts = ""
  revision = "5420a8b6744d3b0345ab293f6fcba19c978f1183"

[solve-meta]
  analyzer-name = "dep"
  analyzer-version = 1
  input-imports = [
    "github.com/Sirupsen/logrus",
    "github.com/bitrise-io/envman/models",
    "github.com/bitrise-io/go-utils/colorstring",
    "github.com/bitrise-io/go-utils/command",
    "github.com/bitrise-io/go-utils/command/git",
    "github.com/bitrise-io/go-utils/errorutil",
    "github.com/bitrise-io/go-utils/fileutil",
    "github.com/bitrise-io/go-utils/log",
    "github.com/bitrise-io/go-utils/pathutil",
    "github.com/bitrise-io/go-utils/pointers",
    "github.com/bitrise-io/go-utils/progress",
    "github.com/bitrise-io/go-utils/retry",
    "github.com/bitrise-io/go-utils/stringutil",
    "github.com/bitrise-io/go-utils/versions",
    "github.com/bitrise-io/goinp/goinp",
    "github.com/bitrise-io/stepman/models",
    "github.com/bitrise-tools/gows/gows",
    "github.com/hashicorp/go-version",
    "github.com/ryanuber/go-glob",
    "github.com/stretchr/testify/require",
    "github.com/urfave/cli",
    "golang.org/x/sys/unix",
    "gopkg.in/yaml.v2",
  ]
  solver-name = "gps-cdcl"
  solver-version = 1
